
Microsoft Visual Studio Solution File, Format Version 12.00
# Visual Studio Version 17
VisualStudioVersion = 17.8.34408.163
MinimumVisualStudioVersion = 10.0.40219.1
Project("{2150E333-8FDC-42A3-9474-1A3956D46DE8}") = "src", "src", "{00046E11-C4E9-43BB-A77C-EE7AA95B98A7}"
EndProject
Project("{9A19103F-16F7-4668-BE54-9A1E7A4F7556}") = "FaithfulRemindersWeb.Api", "FaithfulRemindersWeb.Api\FaithfulRemindersWeb.Api.csproj", "{C478E5A0-FCBC-4427-9074-9DC4E30AA404}"
EndProject
Project("{9A19103F-16F7-4668-BE54-9A1E7A4F7556}") = "FaithfulRemindersWeb.Business", "FaithfulRemindersWeb.Business\FaithfulRemindersWeb.Business.csproj", "{BB540272-3EDD-4BCF-B4A0-893D12BB0859}"
EndProject
Project("{9A19103F-16F7-4668-BE54-9A1E7A4F7556}") = "FaithfulRemindersWeb.Global", "FaithfulRemindersWeb.Global\FaithfulRemindersWeb.Global.csproj", "{4136614E-941E-41C3-BEAD-0EDD0D79D5D5}"
EndProject
Project("{9A19103F-16F7-4668-BE54-9A1E7A4F7556}") = "FaithfulRemindersWeb.Entity", "FaithfulRemindersWeb.Entity\FaithfulRemindersWeb.Entity.csproj", "{4BC7E031-B0AF-43C0-85C9-FAEE36FC0C3D}"
EndProject
Project("{2150E333-8FDC-42A3-9474-1A3956D46DE8}") = "tests", "tests", "{8B8EF441-EB3D-4EEA-AFB8-D67B164475F9}"
EndProject
Project("{9A19103F-16F7-4668-BE54-9A1E7A4F7556}") = "FaithfulRemindersWeb.Business.Tests", "FaithfulRemindersWeb.Business.Tests\FaithfulRemindersWeb.Business.Tests.csproj", "{7FB2FB05-60ED-4AA6-9290-20FDD5E65AE6}"
EndProject
Project("{9A19103F-16F7-4668-BE54-9A1E7A4F7556}") = "FaithfulRemindersWeb.Api.Tests", "FaithfulRemindersWeb.Api.Tests\FaithfulRemindersWeb.Api.Tests.csproj", "{70594476-65EB-4E7A-BE23-F8DA834B90F4}"
EndProject
Project("{9A19103F-16F7-4668-BE54-9A1E7A4F7556}") = "FaithfulRemindersWeb.Tests.Base", "FaithfulRemindersWeb.Tests.Base\FaithfulRemindersWeb.Tests.Base.csproj", "{1408BA7F-DCCB-49FE-ADE8-547A94F20EAF}"
EndProject
Global
	GlobalSection(SolutionConfigurationPlatforms) = preSolution
		Debug|Any CPU = Debug|Any CPU
		Release|Any CPU = Release|Any CPU
	EndGlobalSection
	GlobalSection(ProjectConfigurationPlatforms) = postSolution
		{C478E5A0-FCBC-4427-9074-9DC4E30AA404}.Debug|Any CPU.ActiveCfg = Debug|Any CPU
		{C478E5A0-FCBC-4427-9074-9DC4E30AA404}.Debug|Any CPU.Build.0 = Debug|Any CPU
		{C478E5A0-FCBC-4427-9074-9DC4E30AA404}.Release|Any CPU.ActiveCfg = Release|Any CPU
		{C478E5A0-FCBC-4427-9074-9DC4E30AA404}.Release|Any CPU.Build.0 = Release|Any CPU
		{BB540272-3EDD-4BCF-B4A0-893D12BB0859}.Debug|Any CPU.ActiveCfg = Debug|Any CPU
		{BB540272-3EDD-4BCF-B4A0-893D12BB0859}.Debug|Any CPU.Build.0 = Debug|Any CPU
		{BB540272-3EDD-4BCF-B4A0-893D12BB0859}.Release|Any CPU.ActiveCfg = Release|Any CPU
		{BB540272-3EDD-4BCF-B4A0-893D12BB0859}.Release|Any CPU.Build.0 = Release|Any CPU
		{4136614E-941E-41C3-BEAD-0EDD0D79D5D5}.Debug|Any CPU.ActiveCfg = Debug|Any CPU
		{4136614E-941E-41C3-BEAD-0EDD0D79D5D5}.Debug|Any CPU.Build.0 = Debug|Any CPU
		{4136614E-941E-41C3-BEAD-0EDD0D79D5D5}.Release|Any CPU.ActiveCfg = Release|Any CPU
		{4136614E-941E-41C3-BEAD-0EDD0D79D5D5}.Release|Any CPU.Build.0 = Release|Any CPU
		{4BC7E031-B0AF-43C0-85C9-FAEE36FC0C3D}.Debug|Any CPU.ActiveCfg = Debug|Any CPU
		{4BC7E031-B0AF-43C0-85C9-FAEE36FC0C3D}.Debug|Any CPU.Build.0 = Debug|Any CPU
		{4BC7E031-B0AF-43C0-85C9-FAEE36FC0C3D}.Release|Any CPU.ActiveCfg = Release|Any CPU
		{4BC7E031-B0AF-43C0-85C9-FAEE36FC0C3D}.Release|Any CPU.Build.0 = Release|Any CPU
		{7FB2FB05-60ED-4AA6-9290-20FDD5E65AE6}.Debug|Any CPU.ActiveCfg = Debug|Any CPU
		{7FB2FB05-60ED-4AA6-9290-20FDD5E65AE6}.Debug|Any CPU.Build.0 = Debug|Any CPU
		{7FB2FB05-60ED-4AA6-9290-20FDD5E65AE6}.Release|Any CPU.ActiveCfg = Release|Any CPU
		{7FB2FB05-60ED-4AA6-9290-20FDD5E65AE6}.Release|Any CPU.Build.0 = Release|Any CPU
		{70594476-65EB-4E7A-BE23-F8DA834B90F4}.Debug|Any CPU.ActiveCfg = Debug|Any CPU
		{70594476-65EB-4E7A-BE23-F8DA834B90F4}.Debug|Any CPU.Build.0 = Debug|Any CPU
		{70594476-65EB-4E7A-BE23-F8DA834B90F4}.Release|Any CPU.ActiveCfg = Release|Any CPU
		{70594476-65EB-4E7A-BE23-F8DA834B90F4}.Release|Any CPU.Build.0 = Release|Any CPU
		{1408BA7F-DCCB-49FE-ADE8-547A94F20EAF}.Debug|Any CPU.ActiveCfg = Debug|Any CPU
		{1408BA7F-DCCB-49FE-ADE8-547A94F20EAF}.Debug|Any CPU.Build.0 = Debug|Any CPU
		{1408BA7F-DCCB-49FE-ADE8-547A94F20EAF}.Release|Any CPU.ActiveCfg = Release|Any CPU
		{1408BA7F-DCCB-49FE-ADE8-547A94F20EAF}.Release|Any CPU.Build.0 = Release|Any CPU
	EndGlobalSection
	GlobalSection(SolutionProperties) = preSolution
		HideSolutionNode = FALSE
	EndGlobalSection
	GlobalSection(NestedProjects) = preSolution
		{C478E5A0-FCBC-4427-9074-9DC4E30AA404} = {00046E11-C4E9-43BB-A77C-EE7AA95B98A7}
		{BB540272-3EDD-4BCF-B4A0-893D12BB0859} = {00046E11-C4E9-43BB-A77C-EE7AA95B98A7}
		{4136614E-941E-41C3-BEAD-0EDD0D79D5D5} = {00046E11-C4E9-43BB-A77C-EE7AA95B98A7}
		{4BC7E031-B0AF-43C0-85C9-FAEE36FC0C3D} = {00046E11-C4E9-43BB-A77C-EE7AA95B98A7}
		{7FB2FB05-60ED-4AA6-9290-20FDD5E65AE6} = {8B8EF441-EB3D-4EEA-AFB8-D67B164475F9}
		{70594476-65EB-4E7A-BE23-F8DA834B90F4} = {8B8EF441-EB3D-4EEA-AFB8-D67B164475F9}
		{1408BA7F-DCCB-49FE-ADE8-547A94F20EAF} = {8B8EF441-EB3D-4EEA-AFB8-D67B164475F9}
	EndGlobalSection
	GlobalSection(ExtensibilityGlobals) = postSolution
		SolutionGuid = {B2544350-5471-4A8B-B20F-34CB18023A57}
	EndGlobalSection
EndGlobal
